{
  "name": "ng-packery",
  "version": "1.0.0",
  "lockfileVersion": 1,
  "requires": true,
  "dependencies": {
    "@angular/common": {
      "version": "7.2.11",
      "resolved": "https://registry.npmjs.org/@angular/common/-/common-7.2.11.tgz",
      "integrity": "sha512-78T65tt3zD0Oss6pyRvzLhPlTJMhPpXMCsJdr1s821i+/xg8TUzgU3Cqxvz37r3dysnY08r6BmEqJg3+fGxEwA==",
      "requires": {
        "tslib": "^1.9.0"
      }
    },
    "@angular/core": {
      "version": "7.2.11",
      "resolved": "https://registry.npmjs.org/@angular/core/-/core-7.2.11.tgz",
      "integrity": "sha512-2FUgXbGn75D6HQESVVmnrjqP1l2YNwwIZISembzpr4WvTm0lxzq/9WsuPFJNWggwCerajyjYz+kDJT3RsonGZg==",
      "requires": {
        "tslib": "^1.9.0"
      }
    },
    "desandro-matches-selector": {
      "version": "2.0.2",
      "resolved": "https://registry.npmjs.org/desandro-matches-selector/-/desandro-matches-selector-2.0.2.tgz",
      "integrity": "sha1-cXvu1NwT59jzdi9wem1YpndCGOE="
    },
    "draggabilly": {
      "version": "2.1.1",
      "resolved": "https://registry.npmjs.org/draggabilly/-/draggabilly-2.1.1.tgz",
      "integrity": "sha1-OjGh+nPkzHHHWkv+qaz7La3gFyI=",
      "requires": {
        "get-size": "~2.0.2",
        "unidragger": "~2.1.0"
      }
    },
    "ev-emitter": {
      "version": "1.1.1",
      "resolved": "https://registry.npmjs.org/ev-emitter/-/ev-emitter-1.1.1.tgz",
      "integrity": "sha512-ipiDYhdQSCZ4hSbX4rMW+XzNKMD1prg/sTvoVmSLkuQ1MVlwjJQQA+sW8tMYR3BLUr9KjodFV4pvzunvRhd33Q=="
    },
    "fizzy-ui-utils": {
      "version": "2.0.5",
      "resolved": "https://registry.npmjs.org/fizzy-ui-utils/-/fizzy-ui-utils-2.0.5.tgz",
      "integrity": "sha1-1y3rx00snSctvLt7ABcHiX9sMhA=",
      "requires": {
        "desandro-matches-selector": "^2.0.0"
      }
    },
    "get-size": {
      "version": "2.0.2",
      "resolved": "https://registry.npmjs.org/get-size/-/get-size-2.0.2.tgz",
      "integrity": "sha1-VV6pirhzLgwCHp4j4iGa3L45jpg="
    },
    "outlayer": {
      "version": "2.1.1",
      "resolved": "https://registry.npmjs.org/outlayer/-/outlayer-2.1.1.tgz",
      "integrity": "sha1-KYY7beEOpdrf/8rfoNcokHOH6aI=",
      "requires": {
        "ev-emitter": "^1.0.0",
        "fizzy-ui-utils": "^2.0.0",
        "get-size": "^2.0.2"
      }
    },
    "packery": {
      "version": "2.1.1",
      "resolved": "https://registry.npmjs.org/packery/-/packery-2.1.1.tgz",
      "integrity": "sha1-7DcR6WVita4gZkHgaFT4mQZKG1U=",
      "requires": {
        "get-size": "^2.0.2",
        "outlayer": "^2.0.0"
      }
    },
    "rxjs": {
      "version": "6.3.3",
      "resolved": "https://registry.npmjs.org/rxjs/-/rxjs-6.3.3.tgz",
      "integrity": "sha512-JTWmoY9tWCs7zvIk/CvRjhjGaOd+OVBM987mxFo+OW66cGpdKjZcpmc74ES1sB//7Kl/PAe8+wEakuhG4pcgOw==",
      "requires": {
        "tslib": "^1.9.0"
      }
    },
    "tslib": {
      "version": "1.9.3",
      "resolved": "https://registry.npmjs.org/tslib/-/tslib-1.9.3.tgz",
      "integrity": "sha512-4krF8scpejhaOgqzBEcGM7yDIEfi0/8+8zDRZhNZZ2kjmHJ4hv3zCbQWxoJGz1iw5U0Jl0nma13xzHXcncMavQ=="
    },
    "unidragger": {
      "version": "2.1.0",
      "resolved": "https://registry.npmjs.org/unidragger/-/unidragger-2.1.0.tgz",
      "integrity": "sha1-5MI/X6uBiMY353bQs4EMfZieVWE=",
      "requires": {
        "unipointer": "~2.1.0"
      }
    },
    "unipointer": {
      "version": "2.1.0",
      "resolved": "https://registry.npmjs.org/unipointer/-/unipointer-2.1.0.tgz",
      "integrity": "sha1-sen6KYbBMG2XMwWHukNNKFzP438=",
      "requires": {
        "ev-emitter": "~1.0.1"
      },
      "dependencies": {
        "ev-emitter": {
          "version": "1.0.3",
          "resolved": "https://registry.npmjs.org/ev-emitter/-/ev-emitter-1.0.3.tgz",
          "integrity": "sha1-7l73S27SjZEbMt3L/JeGf1gJN7w="
        }
      }
    },
    "zone.js": {
      "version": "0.8.26",
      "resolved": "https://registry.npmjs.org/zone.js/-/zone.js-0.8.26.tgz",
      "integrity": "sha512-W9Nj+UmBJG251wkCacIkETgra4QgBo/vgoEkb4a2uoLzpQG7qF9nzwoLXWU5xj3Fg2mxGvEDh47mg24vXccYjA=="
    }
  }
}
